// !$*UTF8*$!
{
	archiveVersion = 1;
	classes = {
	};
	objectVersion = 46;
	objects = {

/* Begin PBXBuildFile section */
		CF726A9A1DAF59A60008C136 /* AppDelegate.swift in Sources */ = {isa = PBXBuildFile; fileRef = CF726A991DAF59A60008C136 /* AppDelegate.swift */; };
		CF726A9C1DAF59A60008C136 /* ViewController.swift in Sources */ = {isa = PBXBuildFile; fileRef = CF726A9B1DAF59A60008C136 /* ViewController.swift */; };
		CF726A9F1DAF59A60008C136 /* Main.storyboard in Resources */ = {isa = PBXBuildFile; fileRef = CF726A9D1DAF59A60008C136 /* Main.storyboard */; };
		CF726AA11DAF59A60008C136 /* Assets.xcassets in Resources */ = {isa = PBXBuildFile; fileRef = CF726AA01DAF59A60008C136 /* Assets.xcassets */; };
		CF726AA41DAF59A60008C136 /* LaunchScreen.storyboard in Resources */ = {isa = PBXBuildFile; fileRef = CF726AA21DAF59A60008C136 /* LaunchScreen.storyboard */; };
		CF726AAC1DAF64660008C136 /* PlayersViewController.swift in Sources */ = {isa = PBXBuildFile; fileRef = CF726AAB1DAF64660008C136 /* PlayersViewController.swift */; };
		CF726AB21DAF67120008C136 /* Player.swift in Sources */ = {isa = PBXBuildFile; fileRef = CF726AB11DAF67120008C136 /* Player.swift */; };
		CF726AB41DAF68570008C136 /* SampleData.swift in Sources */ = {isa = PBXBuildFile; fileRef = CF726AB31DAF68570008C136 /* SampleData.swift */; };
		CF726AB61DAF70410008C136 /* PlayerCell.swift in Sources */ = {isa = PBXBuildFile; fileRef = CF726AB51DAF70410008C136 /* PlayerCell.swift */; };
/* End PBXBuildFile section */

/* Begin PBXFileReference section */
		CF726A961DAF59A60008C136 /* try3.0.app */ = {isa = PBXFileReference; explicitFileType = wrapper.application; includeInIndex = 0; path = try3.0.app; sourceTree = BUILT_PRODUCTS_DIR; };
		CF726A991DAF59A60008C136 /* AppDelegate.swift */ = {isa = PBXFileReference; lastKnownFileType = sourcecode.swift; path = AppDelegate.swift; sourceTree = "<group>"; };
		CF726A9B1DAF59A60008C136 /* ViewController.swift */ = {isa = PBXFileReference; lastKnownFileType = sourcecode.swift; path = ViewController.swift; sourceTree = "<group>"; };
		CF726A9E1DAF59A60008C136 /* Base */ = {isa = PBXFileReference; lastKnownFileType = file.storyboard; name = Base; path = Base.lproj/Main.storyboard; sourceTree = "<group>"; };
		CF726AA01DAF59A60008C136 /* Assets.xcassets */ = {isa = PBXFileReference; lastKnownFileType = folder.assetcatalog; path = Assets.xcassets; sourceTree = "<group>"; };
		CF726AA31DAF59A60008C136 /* Base */ = {isa = PBXFileReference; lastKnownFileType = file.storyboard; name = Base; path = Base.lproj/LaunchScreen.storyboard; sourceTree = "<group>"; };
		CF726AA51DAF59A60008C136 /* Info.plist */ = {isa = PBXFileReference; lastKnownFileType = text.plist.xml; path = Info.plist; sourceTree = "<group>"; };
		CF726AAB1DAF64660008C136 /* PlayersViewController.swift */ = {isa = PBXFileReference; fileEncoding = 4; lastKnownFileType = sourcecode.swift; path = PlayersViewController.swift; sourceTree = "<group>"; };
		CF726AB11DAF67120008C136 /* Player.swift */ = {isa = PBXFileReference; fileEncoding = 4; lastKnownFileType = sourcecode.swift; path = Player.swift; sourceTree = "<group>"; };
		CF726AB31DAF68570008C136 /* SampleData.swift */ = {isa = PBXFileReference; fileEncoding = 4; lastKnownFileType = sourcecode.swift; path = SampleData.swift; sourceTree = "<group>"; };
		CF726AB51DAF70410008C136 /* PlayerCell.swift */ = {isa = PBXFileReference; fileEncoding = 4; lastKnownFileType = sourcecode.swift; path = PlayerCell.swift; sourceTree = "<group>"; };
/* End PBXFileReference section */

/* Begin PBXFrameworksBuildPhase section */
		CF726A931DAF59A60008C136 /* Frameworks */ = {
			isa = PBXFrameworksBuildPhase;
			buildActionMask = 2147483647;
			files = (
			);
			runOnlyForDeploymentPostprocessing = 0;
		};
/* End PBXFrameworksBuildPhase section */

/* Begin PBXGroup section */
		CF726A8D1DAF59A60008C136 = {
			isa = PBXGroup;
			children = (
				CF726A981DAF59A60008C136 /* swift */,
				CF726A971DAF59A60008C136 /* Products */,
			);
			sourceTree = "<group>";
		};
		CF726A971DAF59A60008C136 /* Products */ = {
			isa = PBXGroup;
			children = (
				CF726A961DAF59A60008C136 /* try3.0.app */,
			);
			name = Products;
			sourceTree = "<group>";
		};
		CF726A981DAF59A60008C136 /* swift */ = {
			isa = PBXGroup;
			children = (
				CF726A991DAF59A60008C136 /* AppDelegate.swift */,
				CF726A9B1DAF59A60008C136 /* ViewController.swift */,
				CF726AAB1DAF64660008C136 /* PlayersViewController.swift */,
				CF726AB51DAF70410008C136 /* PlayerCell.swift */,
				CF726AB11DAF67120008C136 /* Player.swift */,
				CF726AB31DAF68570008C136 /* SampleData.swift */,
				CF726A9D1DAF59A60008C136 /* Main.storyboard */,
				CF726AA01DAF59A60008C136 /* Assets.xcassets */,
				CF726AA21DAF59A60008C136 /* LaunchScreen.storyboard */,
				CF726AA51DAF59A60008C136 /* Info.plist */,
			);
			path = swift;
			sourceTree = "<group>";
		};
/* End PBXGroup section */

/* Begin PBXNativeTarget section */
		CF726A951DAF59A60008C136 /* try3.0 */ = {
			isa = PBXNativeTarget;
			buildConfigurationList = CF726AA81DAF59A60008C136 /* Build configuration list for PBXNativeTarget "try3.0" */;
			buildPhases = (
				CF726A921DAF59A60008C136 /* Sources */,
				CF726A931DAF59A60008C136 /* Frameworks */,
				CF726A941DAF59A60008C136 /* Resources */,
			);
			buildRules = (
			);
			dependencies = (
			);
			name = try3.0;
			productName = swift;
			productReference = CF726A961DAF59A60008C136 /* try3.0.app */;
			productType = "com.apple.product-type.application";
		};
/* End PBXNativeTarget section */

/* Begin PBXProject section */
		CF726A8E1DAF59A60008C136 /* Project object */ = {
			isa = PBXProject;
			attributes = {
				LastSwiftUpdateCheck = 0800;
				LastUpgradeCheck = 0800;
				ORGANIZATIONNAME = "刘东";
				TargetAttributes = {
					CF726A951DAF59A60008C136 = {
						CreatedOnToolsVersion = 8.0;
						DevelopmentTeam = PP9RF5D573;
						ProvisioningStyle = Automatic;
					};
				};
			};
			buildConfigurationList = CF726A911DAF59A60008C136 /* Build configuration list for PBXProject "try3.0" */;
			compatibilityVersion = "Xcode 3.2";
			developmentRegion = English;
			hasScannedForEncodings = 0;
			knownRegions = (
				en,
				Base,
			);
			mainGroup = CF726A8D1DAF59A60008C136;
			productRefGroup = CF726A971DAF59A60008C136 /* Products */;
			projectDirPath = "";
			projectRoot = "";
			targets = (
				CF726A951DAF59A60008C136 /* try3.0 */,
			);
		};
/* End PBXProject section */

/* Begin PBXResourcesBuildPhase section */
		CF726A941DAF59A60008C136 /* Resources */ = {
			isa = PBXResourcesBuildPhase;
			buildActionMask = 2147483647;
			files = (
				CF726AA41DAF59A60008C136 /* LaunchScreen.storyboard in Resources */,
				CF726AA11DAF59A60008C136 /* Assets.xcassets in Resources */,
				CF726A9F1DAF59A60008C136 /* Main.storyboard in Resources */,
			);
			runOnlyForDeploymentPostprocessing = 0;
		};
/* End PBXResourcesBuildPhase section */

/* Begin PBXSourcesBuildPhase section */
		CF726A921DAF59A60008C136 /* Sources */ = {
			isa = PBXSourcesBuildPhase;
			buildActionMask = 2147483647;
			files = (
				CF726AB61DAF70410008C136 /* PlayerCell.swift in Sources */,
				CF726AB21DAF67120008C136 /* Player.swift in Sources */,
				CF726A9C1DAF59A60008C136 /* ViewController.swift in Sources */,
				CF726A9A1DAF59A60008C136 /* AppDelegate.swift in Sources */,
				CF726AB41DAF68570008C136 /* SampleData.swift in Sources */,
				CF726AAC1DAF64660008C136 /* PlayersViewController.swift in Sources */,
			);
			runOnlyForDeploymentPostprocessing = 0;
		};
/* End PBXSourcesBuildPhase section */

/* Begin PBXVariantGroup section */
		CF726A9D1DAF59A60008C136 /* Main.storyboard */ = {
			isa = PBXVariantGroup;
			children = (
				CF726A9E1DAF59A60008C136 /* Base */,
			);
			name = Main.storyboard;
			sourceTree = "<group>";
		};
		CF726AA21DAF59A60008C136 /* LaunchScreen.storyboard */ = {
			isa = PBXVariantGroup;
			children = (
				CF726AA31DAF59A60008C136 /* Base */,
			);
			name = LaunchScreen.storyboard;
			sourceTree = "<group>";
		};
/* End PBXVariantGroup section */

/* Begin XCBuildConfiguration section */
		CF726AA61DAF59A60008C136 /* Debug */ = {
			isa = XCBuildConfiguration;
			buildSettings = {
				ALWAYS_SEARCH_USER_PATHS = NO;
				CLANG_ANALYZER_NONNULL = YES;
				CLANG_CXX_LANGUAGE_STANDARD = "gnu++0x";
				CLANG_CXX_LIBRARY = "libc++";
				CLANG_ENABLE_MODULES = YES;
				CLANG_ENABLE_OBJC_ARC = YES;
				CLANG_WARN_BOOL_CONVERSION = YES;
				CLANG_WARN_CONSTANT_CONVERSION = YES;
				CLANG_WARN_DIRECT_OBJC_ISA_USAGE = YES_ERROR;
				CLANG_WARN_DOCUMENTATION_COMMENTS = YES;
				CLANG_WARN_EMPTY_BODY = YES;
				CLANG_WARN_ENUM_CONVERSION = YES;
				CLANG_WARN_INFINITE_RECURSION = YES;
				CLANG_WARN_INT_CONVERSION = YES;
				CLANG_WARN_OBJC_ROOT_CLASS = YES_ERROR;
				CLANG_WARN_SUSPICIOUS_MOVES = YES;
				CLANG_WARN_UNREACHABLE_CODE = YES;
				CLANG_WARN__DUPLICATE_METHOD_MATCH = YES;
				"CODE_SIGN_IDENTITY[sdk=iphoneos*]" = "iPhone Developer";
				COPY_PHASE_STRIP = NO;
				DEBUG_INFORMATION_FORMAT = dwarf;
				ENABLE_STRICT_OBJC_MSGSEND = YES;
				ENABLE_TESTABILITY = YES;
				GCC_C_LANGUAGE_STANDARD = gnu99;
				GCC_DYNAMIC_NO_PIC = NO;
				GCC_NO_COMMON_BLOCKS = YES;
				GCC_OPTIMIZATION_LEVEL = 0;
				GCC_PREPROCESSOR_DEFINITIONS = (
					"DEBUG=1",
					"$(inherited)",
				);
				GCC_WARN_64_TO_32_BIT_CONVERSION = YES;
				GCC_WARN_ABOUT_RETURN_TYPE = YES_ERROR;
				GCC_WARN_UNDECLARED_SELECTOR = YES;
				GCC_WARN_UNINITIALIZED_AUTOS = YES_AGGRESSIVE;
				GCC_WARN_UNUSED_FUNCTION = YES;
				GCC_WARN_UNUSED_VARIABLE = YES;
				IPHONEOS_DEPLOYMENT_TARGET = 10.0;
				MTL_ENABLE_DEBUG_INFO = YES;
				ONLY_ACTIVE_ARCH = YES;
				SDKROOT = iphoneos;
				SWIFT_ACTIVE_COMPILATION_CONDITIONS = DEBUG;
				SWIFT_OPTIMIZATION_LEVEL = "-Onone";
			};
			name = Debug;
		};
		CF726AA71DAF59A60008C136 /* Release */ = {
			isa = XCBuildConfiguration;
			buildSettings = {
				ALWAYS_SEARCH_USER_PATHS = NO;
				CLANG_ANALYZER_NONNULL = YES;
				CLANG_CXX_LANGUAGE_STANDARD = "gnu++0x";
				CLANG_CXX_LIBRARY = "libc++";
				CLANG_ENABLE_MODULES = YES;
				CLANG_ENABLE_OBJC_ARC = YES;
				CLANG_WARN_BOOL_CONVERSION = YES;
				CLANG_WARN_CONSTANT_CONVERSION = YES;
				CLANG_WARN_DIRECT_OBJC_ISA_USAGE = YES_ERROR;
				CLANG_WARN_DOCUMENTATION_COMMENTS = YES;
				CLANG_WARN_EMPTY_BODY = YES;
				CLANG_WARN_ENUM_CONVERSION = YES;
				CLANG_WARN_INFINITE_RECURSION = YES;
				CLANG_WARN_INT_CONVERSION = YES;
				CLANG_WARN_OBJC_ROOT_CLASS = YES_ERROR;
				CLANG_WARN_SUSPICIOUS_MOVES = YES;
				CLANG_WARN_UNREACHABLE_CODE = YES;
				CLANG_WARN__DUPLICATE_METHOD_MATCH = YES;
				"CODE_SIGN_IDENTITY[sdk=iphoneos*]" = "iPhone Developer";
				COPY_PHASE_STRIP = NO;
				DEBUG_INFORMATION_FORMAT = "dwarf-with-dsym";
				ENABLE_NS_ASSERTIONS = NO;
				ENABLE_STRICT_OBJC_MSGSEND = YES;
				GCC_C_LANGUAGE_STANDARD = gnu99;
				GCC_NO_COMMON_BLOCKS = YES;
				GCC_WARN_64_TO_32_BIT_CONVERSION = YES;
				GCC_WARN_ABOUT_RETURN_TYPE = YES_ERROR;
				GCC_WARN_UNDECLARED_SELECTOR = YES;
				GCC_WARN_UNINITIALIZED_AUTOS = YES_AGGRESSIVE;
				GCC_WARN_UNUSED_FUNCTION = YES;
				GCC_WARN_UNUSED_VARIABLE = YES;
				IPHONEOS_DEPLOYMENT_TARGET = 10.0;
				MTL_ENABLE_DEBUG_INFO = NO;
				SDKROOT = iphoneos;
				SWIFT_OPTIMIZATION_LEVEL = "-Owholemodule";
				VALIDATE_PRODUCT = YES;
			};
			name = Release;
		};
		CF726AA91DAF59A60008C136 /* Debug */ = {
			isa = XCBuildConfiguration;
			buildSettings = {
				ASSETCATALOG_COMPILER_APPICON_NAME = AppIcon;
				DEVELOPMENT_TEAM = PP9RF5D573;
				INFOPLIST_FILE = swift/Info.plist;
				LD_RUNPATH_SEARCH_PATHS = "$(inherited) @executable_path/Frameworks";
				PRODUCT_BUNDLE_IDENTIFIER = com.xinrong.swift;
				PRODUCT_NAME = "$(TARGET_NAME)";
				SWIFT_VERSION = 3.0;
			};
			name = Debug;
		};
		CF726AAA1DAF59A60008C136 /* Release */ = {
			isa = XCBuildConfiguration;
			buildSettings = {
				ASSETCATALOG_COMPILER_APPICON_NAME = AppIcon;
				DEVELOPMENT_TEAM = PP9RF5D573;
				INFOPLIST_FILE = swift/Info.plist;
				LD_RUNPATH_SEARCH_PATHS = "$(inherited) @executable_path/Frameworks";
				PRODUCT_BUNDLE_IDENTIFIER = com.xinrong.swift;
				PRODUCT_NAME = "$(TARGET_NAME)";
				SWIFT_VERSION = 3.0;
			};
			name = Release;
		};
/* End XCBuildConfiguration section */

/* Begin XCConfigurationList section */
		CF726A911DAF59A60008C136 /* Build configuration list for PBXProject "try3.0" */ = {
			isa = XCConfigurationList;
			buildConfigurations = (
				CF726AA61DAF59A60008C136 /* Debug */,
				CF726AA71DAF59A60008C136 /* Release */,
			);
			defaultConfigurationIsVisible = 0;
			defaultConfigurationName = Release;
		};
		CF726AA81DAF59A60008C136 /* Build configuration list for PBXNativeTarget "try3.0" */ = {
			isa = XCConfigurationList;
			buildConfigurations = (
				CF726AA91DAF59A60008C136 /* Debug */,
				CF726AAA1DAF59A60008C136 /* Release */,
			);
			defaultConfigurationIsVisible = 0;
			defaultConfigurationName = Release;
		};
/* End XCConfigurationList section */
	};
	rootObject = CF726A8E1DAF59A60008C136 /* Project object */;
}
